// !$*UTF8*$!
{
	archiveVersion = 1;
	classes = {
	};
	objectVersion = 50;
	objects = {

/* Begin PBXBuildFile section */
		A315EE7063F96071F1CDD984 /* Pods_Message.framework in Frameworks */ = {isa = PBXBuildFile; fileRef = 2207D9CF622C823551F1499E /* Pods_Message.framework */; };
		CA38744D255C0F6B002AB4AF /* AppDelegate.swift in Sources */ = {isa = PBXBuildFile; fileRef = CA38744C255C0F6B002AB4AF /* AppDelegate.swift */; };
		CA38744F255C0F6B002AB4AF /* SceneDelegate.swift in Sources */ = {isa = PBXBuildFile; fileRef = CA38744E255C0F6B002AB4AF /* SceneDelegate.swift */; };
		CA387451255C0F6B002AB4AF /* ContentView.swift in Sources */ = {isa = PBXBuildFile; fileRef = CA387450255C0F6B002AB4AF /* ContentView.swift */; };
		CA387453255C0F6E002AB4AF /* Assets.xcassets in Resources */ = {isa = PBXBuildFile; fileRef = CA387452255C0F6E002AB4AF /* Assets.xcassets */; };
		CA387456255C0F6E002AB4AF /* Preview Assets.xcassets in Resources */ = {isa = PBXBuildFile; fileRef = CA387455255C0F6E002AB4AF /* Preview Assets.xcassets */; };
		CA387459255C0F6E002AB4AF /* LaunchScreen.storyboard in Resources */ = {isa = PBXBuildFile; fileRef = CA387457255C0F6E002AB4AF /* LaunchScreen.storyboard */; };
		CA387462255C116B002AB4AF /* GoogleService-Info.plist in Resources */ = {isa = PBXBuildFile; fileRef = CA387461255C116B002AB4AF /* GoogleService-Info.plist */; };
/* End PBXBuildFile section */

/* Begin PBXFileReference section */
		2207D9CF622C823551F1499E /* Pods_Message.framework */ = {isa = PBXFileReference; explicitFileType = wrapper.framework; includeInIndex = 0; path = Pods_Message.framework; sourceTree = BUILT_PRODUCTS_DIR; };
		6F2227367E98153992303AEC /* Pods-Message.release.xcconfig */ = {isa = PBXFileReference; includeInIndex = 1; lastKnownFileType = text.xcconfig; name = "Pods-Message.release.xcconfig"; path = "Target Support Files/Pods-Message/Pods-Message.release.xcconfig"; sourceTree = "<group>"; };
		A09145F0794B95920C3E9F55 /* Pods-Message.debug.xcconfig */ = {isa = PBXFileReference; includeInIndex = 1; lastKnownFileType = text.xcconfig; name = "Pods-Message.debug.xcconfig"; path = "Target Support Files/Pods-Message/Pods-Message.debug.xcconfig"; sourceTree = "<group>"; };
		CA387449255C0F6B002AB4AF /* Message.app */ = {isa = PBXFileReference; explicitFileType = wrapper.application; includeInIndex = 0; path = Message.app; sourceTree = BUILT_PRODUCTS_DIR; };
		CA38744C255C0F6B002AB4AF /* AppDelegate.swift */ = {isa = PBXFileReference; lastKnownFileType = sourcecode.swift; path = AppDelegate.swift; sourceTree = "<group>"; };
		CA38744E255C0F6B002AB4AF /* SceneDelegate.swift */ = {isa = PBXFileReference; lastKnownFileType = sourcecode.swift; path = SceneDelegate.swift; sourceTree = "<group>"; };
		CA387450255C0F6B002AB4AF /* ContentView.swift */ = {isa = PBXFileReference; lastKnownFileType = sourcecode.swift; path = ContentView.swift; sourceTree = "<group>"; };
		CA387452255C0F6E002AB4AF /* Assets.xcassets */ = {isa = PBXFileReference; lastKnownFileType = folder.assetcatalog; path = Assets.xcassets; sourceTree = "<group>"; };
		CA387455255C0F6E002AB4AF /* Preview Assets.xcassets */ = {isa = PBXFileReference; lastKnownFileType = folder.assetcatalog; path = "Preview Assets.xcassets"; sourceTree = "<group>"; };
		CA387458255C0F6E002AB4AF /* Base */ = {isa = PBXFileReference; lastKnownFileType = file.storyboard; name = Base; path = Base.lproj/LaunchScreen.storyboard; sourceTree = "<group>"; };
		CA38745A255C0F6E002AB4AF /* Info.plist */ = {isa = PBXFileReference; lastKnownFileType = text.plist.xml; path = Info.plist; sourceTree = "<group>"; };
		CA387461255C116B002AB4AF /* GoogleService-Info.plist */ = {isa = PBXFileReference; fileEncoding = 4; lastKnownFileType = text.plist.xml; path = "GoogleService-Info.plist"; sourceTree = "<group>"; };
/* End PBXFileReference section */

/* Begin PBXFrameworksBuildPhase section */
		CA387446255C0F6B002AB4AF /* Frameworks */ = {
			isa = PBXFrameworksBuildPhase;
			buildActionMask = 2147483647;
			files = (
				A315EE7063F96071F1CDD984 /* Pods_Message.framework in Frameworks */,
			);
			runOnlyForDeploymentPostprocessing = 0;
		};
/* End PBXFrameworksBuildPhase section */

/* Begin PBXGroup section */
		3CE8363FD06865712C7C63B6 /* Pods */ = {
			isa = PBXGroup;
			children = (
				A09145F0794B95920C3E9F55 /* Pods-Message.debug.xcconfig */,
				6F2227367E98153992303AEC /* Pods-Message.release.xcconfig */,
			);
			name = Pods;
			path = Pods;
			sourceTree = "<group>";
		};
		CA387440255C0F6B002AB4AF = {
			isa = PBXGroup;
			children = (
				CA38744B255C0F6B002AB4AF /* Message */,
				CA38744A255C0F6B002AB4AF /* Products */,
				3CE8363FD06865712C7C63B6 /* Pods */,
				F7FB8BFAAE2D74A8FBF18C19 /* Frameworks */,
			);
			sourceTree = "<group>";
		};
		CA38744A255C0F6B002AB4AF /* Products */ = {
			isa = PBXGroup;
			children = (
				CA387449255C0F6B002AB4AF /* Message.app */,
			);
			name = Products;
			sourceTree = "<group>";
		};
		CA38744B255C0F6B002AB4AF /* Message */ = {
			isa = PBXGroup;
			children = (
				CA38744C255C0F6B002AB4AF /* AppDelegate.swift */,
				CA38744E255C0F6B002AB4AF /* SceneDelegate.swift */,
				CA387450255C0F6B002AB4AF /* ContentView.swift */,
				CA387452255C0F6E002AB4AF /* Assets.xcassets */,
				CA387457255C0F6E002AB4AF /* LaunchScreen.storyboard */,
				CA38745A255C0F6E002AB4AF /* Info.plist */,
				CA387461255C116B002AB4AF /* GoogleService-Info.plist */,
				CA387454255C0F6E002AB4AF /* Preview Content */,
			);
			path = Message;
			sourceTree = "<group>";
		};
		CA387454255C0F6E002AB4AF /* Preview Content */ = {
			isa = PBXGroup;
			children = (
				CA387455255C0F6E002AB4AF /* Preview Assets.xcassets */,
			);
			path = "Preview Content";
			sourceTree = "<group>";
		};
		F7FB8BFAAE2D74A8FBF18C19 /* Frameworks */ = {
			isa = PBXGroup;
			children = (
				2207D9CF622C823551F1499E /* Pods_Message.framework */,
			);
			name = Frameworks;
			sourceTree = "<group>";
		};
/* End PBXGroup section */

/* Begin PBXNativeTarget section */
		CA387448255C0F6B002AB4AF /* Message */ = {
			isa = PBXNativeTarget;
			buildConfigurationList = CA38745D255C0F6E002AB4AF /* Build configuration list for PBXNativeTarget "Message" */;
			buildPhases = (
				97DD46671492F55D44F5988D /* [CP] Check Pods Manifest.lock */,
				CA387445255C0F6B002AB4AF /* Sources */,
				CA387446255C0F6B002AB4AF /* Frameworks */,
				CA387447255C0F6B002AB4AF /* Resources */,
				8462F1309B4F6AE72977CC2B /* [CP] Embed Pods Frameworks */,
			);
			buildRules = (
			);
			dependencies = (
			);
			name = Message;
			productName = Message;
			productReference = CA387449255C0F6B002AB4AF /* Message.app */;
			productType = "com.apple.product-type.application";
		};
/* End PBXNativeTarget section */

/* Begin PBXProject section */
		CA387441255C0F6B002AB4AF /* Project object */ = {
			isa = PBXProject;
			attributes = {
				LastSwiftUpdateCheck = 1210;
				LastUpgradeCheck = 1210;
				TargetAttributes = {
					CA387448255C0F6B002AB4AF = {
						CreatedOnToolsVersion = 12.1;
					};
				};
			};
			buildConfigurationList = CA387444255C0F6B002AB4AF /* Build configuration list for PBXProject "Message" */;
			compatibilityVersion = "Xcode 9.3";
			developmentRegion = en;
			hasScannedForEncodings = 0;
			knownRegions = (
				en,
				Base,
			);
			mainGroup = CA387440255C0F6B002AB4AF;
			productRefGroup = CA38744A255C0F6B002AB4AF /* Products */;
			projectDirPath = "";
			projectRoot = "";
			targets = (
				CA387448255C0F6B002AB4AF /* Message */,
			);
		};
/* End PBXProject section */

/* Begin PBXResourcesBuildPhase section */
		CA387447255C0F6B002AB4AF /* Resources */ = {
			isa = PBXResourcesBuildPhase;
			buildActionMask = 2147483647;
			files = (
				CA387459255C0F6E002AB4AF /* LaunchScreen.storyboard in Resources */,
				CA387462255C116B002AB4AF /* GoogleService-Info.plist in Resources */,
				CA387456255C0F6E002AB4AF /* Preview Assets.xcassets in Resources */,
				CA387453255C0F6E002AB4AF /* Assets.xcassets in Resources */,
			);
			runOnlyForDeploymentPostprocessing = 0;
		};
/* End PBXResourcesBuildPhase section */

/* Begin PBXShellScriptBuildPhase section */
		8462F1309B4F6AE72977CC2B /* [CP] Embed Pods Frameworks */ = {
			isa = PBXShellScriptBuildPhase;
			buildActionMask = 2147483647;
			files = (
			);
			inputFileListPaths = (
				"${PODS_ROOT}/Target Support Files/Pods-Message/Pods-Message-frameworks-${CONFIGURATION}-input-files.xcfilelist",
			);
			name = "[CP] Embed Pods Frameworks";
			outputFileListPaths = (
				"${PODS_ROOT}/Target Support Files/Pods-Message/Pods-Message-frameworks-${CONFIGURATION}-output-files.xcfilelist",
			);
			runOnlyForDeploymentPostprocessing = 0;
			shellPath = /bin/sh;
			shellScript = "\"${PODS_ROOT}/Target Support Files/Pods-Message/Pods-Message-frameworks.sh\"\n";
			showEnvVarsInLog = 0;
		};
		97DD46671492F55D44F5988D /* [CP] Check Pods Manifest.lock */ = {
			isa = PBXShellScriptBuildPhase;
			buildActionMask = 2147483647;
			files = (
			);
			inputFileListPaths = (
			);
			inputPaths = (
				"${PODS_PODFILE_DIR_PATH}/Podfile.lock",
				"${PODS_ROOT}/Manifest.lock",
			);
			name = "[CP] Check Pods Manifest.lock";
			outputFileListPaths = (
			);
			outputPaths = (
				"$(DERIVED_FILE_DIR)/Pods-Message-checkManifestLockResult.txt",
			);
			runOnlyForDeploymentPostprocessing = 0;
			shellPath = /bin/sh;
			shellScript = "diff \"${PODS_PODFILE_DIR_PATH}/Podfile.lock\" \"${PODS_ROOT}/Manifest.lock\" > /dev/null\nif [ $? != 0 ] ; then\n    # print error to STDERR\n    echo \"error: The sandbox is not in sync with the Podfile.lock. Run 'pod install' or update your CocoaPods installation.\" >&2\n    exit 1\nfi\n# This output is used by Xcode 'outputs' to avoid re-running this script phase.\necho \"SUCCESS\" > \"${SCRIPT_OUTPUT_FILE_0}\"\n";
			showEnvVarsInLog = 0;
		};
/* End PBXShellScriptBuildPhase section */

/* Begin PBXSourcesBuildPhase section */
		CA387445255C0F6B002AB4AF /* Sources */ = {
			isa = PBXSourcesBuildPhase;
			buildActionMask = 2147483647;
			files = (
				CA38744D255C0F6B002AB4AF /* AppDelegate.swift in Sources */,
				CA38744F255C0F6B002AB4AF /* SceneDelegate.swift in Sources */,
				CA387451255C0F6B002AB4AF /* ContentView.swift in Sources */,
			);
			runOnlyForDeploymentPostprocessing = 0;
		};
/* End PBXSourcesBuildPhase section */

/* Begin PBXVariantGroup section */
		CA387457255C0F6E002AB4AF /* LaunchScreen.storyboard */ = {
			isa = PBXVariantGroup;
			children = (
				CA387458255C0F6E002AB4AF /* Base */,
			);
			name = LaunchScreen.storyboard;
			sourceTree = "<group>";
		};
/* End PBXVariantGroup section */

/* Begin XCBuildConfiguration section */
		CA38745B255C0F6E002AB4AF /* Debug */ = {
			isa = XCBuildConfiguration;
			buildSettings = {
				ALWAYS_SEARCH_USER_PATHS = NO;
				CLANG_ANALYZER_NONNULL = YES;
				CLANG_ANALYZER_NUMBER_OBJECT_CONVERSION = YES_AGGRESSIVE;
				CLANG_CXX_LANGUAGE_STANDARD = "gnu++14";
				CLANG_CXX_LIBRARY = "libc++";
				CLANG_ENABLE_MODULES = YES;
				CLANG_ENABLE_OBJC_ARC = YES;
				CLANG_ENABLE_OBJC_WEAK = YES;
				CLANG_WARN_BLOCK_CAPTURE_AUTORELEASING = YES;
				CLANG_WARN_BOOL_CONVERSION = YES;
				CLANG_WARN_COMMA = YES;
				CLANG_WARN_CONSTANT_CONVERSION = YES;
				CLANG_WARN_DEPRECATED_OBJC_IMPLEMENTATIONS = YES;
				CLANG_WARN_DIRECT_OBJC_ISA_USAGE = YES_ERROR;
				CLANG_WARN_DOCUMENTATION_COMMENTS = YES;
				CLANG_WARN_EMPTY_BODY = YES;
				CLANG_WARN_ENUM_CONVERSION = YES;
				CLANG_WARN_INFINITE_RECURSION = YES;
				CLANG_WARN_INT_CONVERSION = YES;
				CLANG_WARN_NON_LITERAL_NULL_CONVERSION = YES;
				CLANG_WARN_OBJC_IMPLICIT_RETAIN_SELF = YES;
				CLANG_WARN_OBJC_LITERAL_CONVERSION = YES;
				CLANG_WARN_OBJC_ROOT_CLASS = YES_ERROR;
				CLANG_WARN_QUOTED_INCLUDE_IN_FRAMEWORK_HEADER = YES;
				CLANG_WARN_RANGE_LOOP_ANALYSIS = YES;
				CLANG_WARN_STRICT_PROTOTYPES = YES;
				CLANG_WARN_SUSPICIOUS_MOVE = YES;
				CLANG_WARN_UNGUARDED_AVAILABILITY = YES_AGGRESSIVE;
				CLANG_WARN_UNREACHABLE_CODE = YES;
				CLANG_WARN__DUPLICATE_METHOD_MATCH = YES;
				COPY_PHASE_STRIP = NO;
				DEBUG_INFORMATION_FORMAT = dwarf;
				ENABLE_STRICT_OBJC_MSGSEND = YES;
				ENABLE_TESTABILITY = YES;
				GCC_C_LANGUAGE_STANDARD = gnu11;
				GCC_DYNAMIC_NO_PIC = NO;
				GCC_NO_COMMON_BLOCKS = YES;
				GCC_OPTIMIZATION_LEVEL = 0;
				GCC_PREPROCESSOR_DEFINITIONS = (
					"DEBUG=1",
					"$(inherited)",
				);
				GCC_WARN_64_TO_32_BIT_CONVERSION = YES;
				GCC_WARN_ABOUT_RETURN_TYPE = YES_ERROR;
				GCC_WARN_UNDECLARED_SELECTOR = YES;
				GCC_WARN_UNINITIALIZED_AUTOS = YES_AGGRESSIVE;
				GCC_WARN_UNUSED_FUNCTION = YES;
				GCC_WARN_UNUSED_VARIABLE = YES;
				IPHONEOS_DEPLOYMENT_TARGET = 14.1;
				MTL_ENABLE_DEBUG_INFO = INCLUDE_SOURCE;
				MTL_FAST_MATH = YES;
				ONLY_ACTIVE_ARCH = YES;
				SDKROOT = iphoneos;
				SWIFT_ACTIVE_COMPILATION_CONDITIONS = DEBUG;
				SWIFT_OPTIMIZATION_LEVEL = "-Onone";
			};
			name = Debug;
		};
		CA38745C255C0F6E002AB4AF /* Release */ = {
			isa = XCBuildConfiguration;
			buildSettings = {
				ALWAYS_SEARCH_USER_PATHS = NO;
				CLANG_ANALYZER_NONNULL = YES;
				CLANG_ANALYZER_NUMBER_OBJECT_CONVERSION = YES_AGGRESSIVE;
				CLANG_CXX_LANGUAGE_STANDARD = "gnu++14";
				CLANG_CXX_LIBRARY = "libc++";
				CLANG_ENABLE_MODULES = YES;
				CLANG_ENABLE_OBJC_ARC = YES;
				CLANG_ENABLE_OBJC_WEAK = YES;
				CLANG_WARN_BLOCK_CAPTURE_AUTORELEASING = YES;
				CLANG_WARN_BOOL_CONVERSION = YES;
				CLANG_WARN_COMMA = YES;
				CLANG_WARN_CONSTANT_CONVERSION = YES;
				CLANG_WARN_DEPRECATED_OBJC_IMPLEMENTATIONS = YES;
				CLANG_WARN_DIRECT_OBJC_ISA_USAGE = YES_ERROR;
				CLANG_WARN_DOCUMENTATION_COMMENTS = YES;
				CLANG_WARN_EMPTY_BODY = YES;
				CLANG_WARN_ENUM_CONVERSION = YES;
				CLANG_WARN_INFINITE_RECURSION = YES;
				CLANG_WARN_INT_CONVERSION = YES;
				CLANG_WARN_NON_LITERAL_NULL_CONVERSION = YES;
				CLANG_WARN_OBJC_IMPLICIT_RETAIN_SELF = YES;
				CLANG_WARN_OBJC_LITERAL_CONVERSION = YES;
				CLANG_WARN_OBJC_ROOT_CLASS = YES_ERROR;
				CLANG_WARN_QUOTED_INCLUDE_IN_FRAMEWORK_HEADER = YES;
				CLANG_WARN_RANGE_LOOP_ANALYSIS = YES;
				CLANG_WARN_STRICT_PROTOTYPES = YES;
				CLANG_WARN_SUSPICIOUS_MOVE = YES;
				CLANG_WARN_UNGUARDED_AVAILABILITY = YES_AGGRESSIVE;
				CLANG_WARN_UNREACHABLE_CODE = YES;
				CLANG_WARN__DUPLICATE_METHOD_MATCH = YES;
				COPY_PHASE_STRIP = NO;
				DEBUG_INFORMATION_FORMAT = "dwarf-with-dsym";
				ENABLE_NS_ASSERTIONS = NO;
				ENABLE_STRICT_OBJC_MSGSEND = YES;
				GCC_C_LANGUAGE_STANDARD = gnu11;
				GCC_NO_COMMON_BLOCKS = YES;
				GCC_WARN_64_TO_32_BIT_CONVERSION = YES;
				GCC_WARN_ABOUT_RETURN_TYPE = YES_ERROR;
				GCC_WARN_UNDECLARED_SELECTOR = YES;
				GCC_WARN_UNINITIALIZED_AUTOS = YES_AGGRESSIVE;
				GCC_WARN_UNUSED_FUNCTION = YES;
				GCC_WARN_UNUSED_VARIABLE = YES;
				IPHONEOS_DEPLOYMENT_TARGET = 14.1;
				MTL_ENABLE_DEBUG_INFO = NO;
				MTL_FAST_MATH = YES;
				SDKROOT = iphoneos;
				SWIFT_COMPILATION_MODE = wholemodule;
				SWIFT_OPTIMIZATION_LEVEL = "-O";
				VALIDATE_PRODUCT = YES;
			};
			name = Release;
		};
		CA38745E255C0F6E002AB4AF /* Debug */ = {
			isa = XCBuildConfiguration;
			baseConfigurationReference = A09145F0794B95920C3E9F55 /* Pods-Message.debug.xcconfig */;
			buildSettings = {
				ASSETCATALOG_COMPILER_APPICON_NAME = AppIcon;
				ASSETCATALOG_COMPILER_GLOBAL_ACCENT_COLOR_NAME = AccentColor;
				CODE_SIGN_STYLE = Automatic;
				DEVELOPMENT_ASSET_PATHS = "\"Message/Preview Content\"";
				DEVELOPMENT_TEAM = NW5Z323A95;
				ENABLE_PREVIEWS = YES;
				INFOPLIST_FILE = Message/Info.plist;
				LD_RUNPATH_SEARCH_PATHS = (
					"$(inherited)",
					"@executable_path/Frameworks",
				);
				PRODUCT_BUNDLE_IDENTIFIER = Rkotaev.Message;
				PRODUCT_NAME = "$(TARGET_NAME)";
				SWIFT_VERSION = 5.0;
				TARGETED_DEVICE_FAMILY = "1,2";
			};
			name = Debug;
		};
		CA38745F255C0F6E002AB4AF /* Release */ = {
			isa = XCBuildConfiguration;
			baseConfigurationReference = 6F2227367E98153992303AEC /* Pods-Message.release.xcconfig */;
			buildSettings = {
				ASSETCATALOG_COMPILER_APPICON_NAME = AppIcon;
				ASSETCATALOG_COMPILER_GLOBAL_ACCENT_COLOR_NAME = AccentColor;
				CODE_SIGN_STYLE = Automatic;
				DEVELOPMENT_ASSET_PATHS = "\"Message/Preview Content\"";
				DEVELOPMENT_TEAM = NW5Z323A95;
				ENABLE_PREVIEWS = YES;
				INFOPLIST_FILE = Message/Info.plist;
				LD_RUNPATH_SEARCH_PATHS = (
					"$(inherited)",
					"@executable_path/Frameworks",
				);
				PRODUCT_BUNDLE_IDENTIFIER = Rkotaev.Message;
				PRODUCT_NAME = "$(TARGET_NAME)";
				SWIFT_VERSION = 5.0;
				TARGETED_DEVICE_FAMILY = "1,2";
			};
			name = Release;
		};
/* End XCBuildConfiguration section */

/* Begin XCConfigurationList section */
		CA387444255C0F6B002AB4AF /* Build configuration list for PBXProject "Message" */ = {
			isa = XCConfigurationList;
			buildConfigurations = (
				CA38745B255C0F6E002AB4AF /* Debug */,
				CA38745C255C0F6E002AB4AF /* Release */,
			);
			defaultConfigurationIsVisible = 0;
			defaultConfigurationName = Release;
		};
		CA38745D255C0F6E002AB4AF /* Build configuration list for PBXNativeTarget "Message" */ = {
			isa = XCConfigurationList;
			buildConfigurations = (
				CA38745E255C0F6E002AB4AF /* Debug */,
				CA38745F255C0F6E002AB4AF /* Release */,
			);
			defaultConfigurationIsVisible = 0;
			defaultConfigurationName = Release;
		};
/* End XCConfigurationList section */
	};
	rootObject = CA387441255C0F6B002AB4AF /* Project object */;
}
